PODS:
  - FBSnapshotTestCase (2.1.4):
    - FBSnapshotTestCase/SwiftSupport (= 2.1.4)
  - FBSnapshotTestCase/Core (2.1.4)
  - FBSnapshotTestCase/SwiftSupport (2.1.4):
    - FBSnapshotTestCase/Core
  - JP_Pod_Lib (0.1.0)

DEPENDENCIES:
  - FBSnapshotTestCase
  - JP_Pod_Lib (from `../`)

EXTERNAL SOURCES:
  JP_Pod_Lib:
    :path: ../

SPEC CHECKSUMS:
  FBSnapshotTestCase: 094f9f314decbabe373b87cc339bea235a63e07a
  JP_Pod_Lib: ff2fcff2d2f5e1dd943463dfbf18455bea788953

PODFILE CHECKSUM: ce62649036e075fae449da5fd86c467b25902774

COCOAPODS: 1.4.0
